
Microsoft Visual Studio Solution File, Format Version 12.00
# Visual Studio Version 16
VisualStudioVersion = 16.0.31205.134
MinimumVisualStudioVersion = 10.0.40219.1
Project("{FAE04EC0-301F-11D3-BF4B-00C04F79EFBC}") = "PoEManagementLib", "PoEManagementLib\PoEManagementLib.csproj", "{D21F5AF7-1D9B-4BEF-B18F-52F6608BCF28}"
EndProject
Project("{FAE04EC0-301F-11D3-BF4B-00C04F79EFBC}") = "PoEManagementWeb", "PoEManagementWeb\PoEManagementWeb.csproj", "{E45F3EC8-49C3-436F-9C5D-C261A18648A5}"
EndProject
Global
	GlobalSection(SolutionConfigurationPlatforms) = preSolution
		Debug|Any CPU = Debug|Any CPU
		Release|Any CPU = Release|Any CPU
	EndGlobalSection
	GlobalSection(ProjectConfigurationPlatforms) = postSolution
		{D21F5AF7-1D9B-4BEF-B18F-52F6608BCF28}.Debug|Any CPU.ActiveCfg = Debug|Any CPU
		{D21F5AF7-1D9B-4BEF-B18F-52F6608BCF28}.Debug|Any CPU.Build.0 = Debug|Any CPU
		{D21F5AF7-1D9B-4BEF-B18F-52F6608BCF28}.Release|Any CPU.ActiveCfg = Release|Any CPU
		{D21F5AF7-1D9B-4BEF-B18F-52F6608BCF28}.Release|Any CPU.Build.0 = Release|Any CPU
		{E45F3EC8-49C3-436F-9C5D-C261A18648A5}.Debug|Any CPU.ActiveCfg = Debug|Any CPU
		{E45F3EC8-49C3-436F-9C5D-C261A18648A5}.Debug|Any CPU.Build.0 = Debug|Any CPU
		{E45F3EC8-49C3-436F-9C5D-C261A18648A5}.Release|Any CPU.ActiveCfg = Release|Any CPU
		{E45F3EC8-49C3-436F-9C5D-C261A18648A5}.Release|Any CPU.Build.0 = Release|Any CPU
	EndGlobalSection
	GlobalSection(SolutionProperties) = preSolution
		HideSolutionNode = FALSE
	EndGlobalSection
	GlobalSection(ExtensibilityGlobals) = postSolution
		SolutionGuid = {3AEBFE58-3378-48C4-A917-18174B1C72BB}
	EndGlobalSection
EndGlobal
